
Microsoft Visual Studio Solution File, Format Version 12.00
# Visual Studio Version 17
VisualStudioVersion = 17.9.34728.123
MinimumVisualStudioVersion = 10.0.40219.1
Project("{FAE04EC0-301F-11D3-BF4B-00C04F79EFBC}") = "practice_c#", "practice_c#.csproj", "{DE6276D6-0CC0-4796-9BBD-59DE4DAD621E}"
EndProject
Global
	GlobalSection(SolutionConfigurationPlatforms) = preSolution
		Debug|Any CPU = Debug|Any CPU
		Release|Any CPU = Release|Any CPU
	EndGlobalSection
	GlobalSection(ProjectConfigurationPlatforms) = postSolution
		{DE6276D6-0CC0-4796-9BBD-59DE4DAD621E}.Debug|Any CPU.ActiveCfg = Debug|Any CPU
		{DE6276D6-0CC0-4796-9BBD-59DE4DAD621E}.Debug|Any CPU.Build.0 = Debug|Any CPU
		{DE6276D6-0CC0-4796-9BBD-59DE4DAD621E}.Release|Any CPU.ActiveCfg = Release|Any CPU
		{DE6276D6-0CC0-4796-9BBD-59DE4DAD621E}.Release|Any CPU.Build.0 = Release|Any CPU
	EndGlobalSection
	GlobalSection(SolutionProperties) = preSolution
		HideSolutionNode = FALSE
	EndGlobalSection
	GlobalSection(ExtensibilityGlobals) = postSolution
		SolutionGuid = {39810E94-B41A-4F84-935E-9B81FF9BB9FA}
	EndGlobalSection
EndGlobal
